[[package]]
category = "main"
description = "A high-level Python Web framework that encourages rapid development and clean, pragmatic design."
name = "django"
optional = false
python-versions = ">=3.5"
version = "2.2.6"

[package.dependencies]
pytz = "*"
sqlparse = "*"

[package.extras]
argon2 = ["argon2-cffi (>=16.1.0)"]
bcrypt = ["bcrypt"]

[[package]]
category = "main"
description = "Django Content Security Policy support."
name = "django-csp"
optional = false
python-versions = "*"
version = "3.5"

[package.dependencies]
Django = ">=1.8"

[package.extras]
jinja2 = ["jinja2 (>=2.9.6)"]
tests = ["jinja2 (>=2.9.6)", "mock (1.0.1)", "pep8 (1.4.6)", "pytest (2.9.1)", "pytest-django (2.9.1)", "pytest-flakes (1.0.1)", "pytest-pep8 (1.0.6)"]

[[package]]
category = "main"
description = "Django-environ allows you to utilize 12factor inspired environment variables to configure your Django application."
name = "django-environ"
optional = false
python-versions = "*"
version = "0.4.5"

[[package]]
category = "main"
description = "Set the draft security HTTP header Feature-Policy on your Django app."
name = "django-feature-policy"
optional = false
python-versions = ">=3.5"
version = "3.0.0"

[package.dependencies]
Django = ">=1.11"

[[package]]
category = "main"
description = "World timezone definitions, modern and historical"
name = "pytz"
optional = false
python-versions = "*"
version = "2019.3"

[[package]]
category = "main"
description = "Non-validating SQL parser"
name = "sqlparse"
optional = false
python-versions = ">=2.7, !=3.0.*, !=3.1.*, !=3.2.*, !=3.3.*"
version = "0.3.0"

[metadata]
content-hash = "65c6141f8f65d659bddaee8e7d7f1a08bddb7be4b6ba8bb67570c6c844f9a18c"
python-versions = "^3.7"

[metadata.hashes]
django = ["4025317ca01f75fc79250ff7262a06d8ba97cd4f82e93394b2a0a6a4a925caeb", "a8ca1033acac9f33995eb2209a6bf18a4681c3e5269a878e9a7e0b7384ed1ca3"]
django-csp = ["04600237701e6d6ff78ed7d41209ff923988148bf292c128f6b474b9befe444f", "8b9997df89a7a936d7c397e051367f974aa1d1a97d0b32acb4300087b3bed071"]
django-environ = ["6c9d87660142608f63ec7d5ce5564c49b603ea8ff25da595fd6098f6dc82afde", "c57b3c11ec1f319d9474e3e5a79134f40174b17c7cc024bbb2fad84646b120c4"]
django-feature-policy = ["9300ea9860c7b4808463aedb7280ceeebd7fb3a304098e9c3c05e633fba1dd3f", "ad80458672ea3ae69577b0867b239b67bd659b939323bdd7456dd1b919163689"]
pytz = ["1c557d7d0e871de1f5ccd5833f60fb2550652da6be2693c1e02300743d21500d", "b02c06db6cf09c12dd25137e563b31700d3b80fcc4ad23abb7a315f2789819be"]
sqlparse = ["40afe6b8d4b1117e7dff5504d7a8ce07d9a1b15aeeade8a2d10f130a834f8177", "7c3dca29c022744e95b547e867cee89f4fce4373f3549ccd8797d8eb52cdb873"]
