[[package]]
name = "django"
version = "2.2.22"
description = "A high-level Python Web framework that encourages rapid development and clean, pragmatic design."
category = "main"
optional = false
python-versions = ">=3.5"

[package.dependencies]
pytz = "*"
sqlparse = ">=0.2.2"

[package.extras]
argon2 = ["argon2-cffi (>=16.1.0)"]
bcrypt = ["bcrypt"]

[[package]]
name = "django-csp"
version = "3.5"
description = "Django Content Security Policy support."
category = "main"
optional = false
python-versions = "*"

[package.dependencies]
Django = ">=1.8"

[package.extras]
jinja2 = ["jinja2 (>=2.9.6)"]
tests = ["jinja2 (>=2.9.6)", "mock (==1.0.1)", "pep8 (==1.4.6)", "pytest (==2.9.1)", "pytest-django (==2.9.1)", "pytest-flakes (==1.0.1)", "pytest-pep8 (==1.0.6)"]

[[package]]
name = "django-environ"
version = "0.4.5"
description = "Django-environ allows you to utilize 12factor inspired environment variables to configure your Django application."
category = "main"
optional = false
python-versions = "*"

[[package]]
name = "django-feature-policy"
version = "3.0.0"
description = "Set the draft security HTTP header Feature-Policy on your Django app."
category = "main"
optional = false
python-versions = ">=3.5"

[package.dependencies]
Django = ">=1.11"

[[package]]
name = "pytz"
version = "2019.3"
description = "World timezone definitions, modern and historical"
category = "main"
optional = false
python-versions = "*"

[[package]]
name = "sqlparse"
version = "0.3.0"
description = "Non-validating SQL parser"
category = "main"
optional = false
python-versions = ">=2.7, !=3.0.*, !=3.1.*, !=3.2.*, !=3.3.*"

[metadata]
lock-version = "1.1"
python-versions = "^3.7"
content-hash = "21879134df730381c064dcc2569f1ffc48b1afd1253b0ca93a43d1430dc80dea"

[metadata.files]
django = [
    {file = "Django-2.2.22-py3-none-any.whl", hash = "sha256:e831105edb153af1324de44d06091ca75520a227456387dda4a47d2f1cc2731a"},
    {file = "Django-2.2.22.tar.gz", hash = "sha256:db2214db1c99017cbd971e58824e6f424375154fe358afc30e976f5b99fc6060"},
]
django-csp = [
    {file = "django_csp-3.5-py2.py3-none-any.whl", hash = "sha256:8b9997df89a7a936d7c397e051367f974aa1d1a97d0b32acb4300087b3bed071"},
    {file = "django_csp-3.5.tar.gz", hash = "sha256:04600237701e6d6ff78ed7d41209ff923988148bf292c128f6b474b9befe444f"},
]
django-environ = [
    {file = "django-environ-0.4.5.tar.gz", hash = "sha256:6c9d87660142608f63ec7d5ce5564c49b603ea8ff25da595fd6098f6dc82afde"},
    {file = "django_environ-0.4.5-py2.py3-none-any.whl", hash = "sha256:c57b3c11ec1f319d9474e3e5a79134f40174b17c7cc024bbb2fad84646b120c4"},
]
django-feature-policy = [
    {file = "django-feature-policy-3.0.0.tar.gz", hash = "sha256:ad80458672ea3ae69577b0867b239b67bd659b939323bdd7456dd1b919163689"},
    {file = "django_feature_policy-3.0.0-py3-none-any.whl", hash = "sha256:9300ea9860c7b4808463aedb7280ceeebd7fb3a304098e9c3c05e633fba1dd3f"},
]
pytz = [
    {file = "pytz-2019.3-py2.py3-none-any.whl", hash = "sha256:1c557d7d0e871de1f5ccd5833f60fb2550652da6be2693c1e02300743d21500d"},
    {file = "pytz-2019.3.tar.gz", hash = "sha256:b02c06db6cf09c12dd25137e563b31700d3b80fcc4ad23abb7a315f2789819be"},
]
sqlparse = [
    {file = "sqlparse-0.3.0-py2.py3-none-any.whl", hash = "sha256:40afe6b8d4b1117e7dff5504d7a8ce07d9a1b15aeeade8a2d10f130a834f8177"},
    {file = "sqlparse-0.3.0.tar.gz", hash = "sha256:7c3dca29c022744e95b547e867cee89f4fce4373f3549ccd8797d8eb52cdb873"},
]
